
Microsoft Visual Studio Solution File, Format Version 12.00
# Visual Studio Version 16
VisualStudioVersion = 16.0.30413.136
MinimumVisualStudioVersion = 10.0.40219.1
Project("{FAE04EC0-301F-11D3-BF4B-00C04F79EFBC}") = "ConsoleClient", "ConsoleClient.csproj", "{3D3AE313-DA09-46F9-8AD9-0DEBFFD9A018}"
EndProject
Global
	GlobalSection(SolutionConfigurationPlatforms) = preSolution
		Debug|Any CPU = Debug|Any CPU
		Release|Any CPU = Release|Any CPU
	EndGlobalSection
	GlobalSection(ProjectConfigurationPlatforms) = postSolution
		{3D3AE313-DA09-46F9-8AD9-0DEBFFD9A018}.Debug|Any CPU.ActiveCfg = Debug|Any CPU
		{3D3AE313-DA09-46F9-8AD9-0DEBFFD9A018}.Debug|Any CPU.Build.0 = Debug|Any CPU
		{3D3AE313-DA09-46F9-8AD9-0DEBFFD9A018}.Release|Any CPU.ActiveCfg = Release|Any CPU
		{3D3AE313-DA09-46F9-8AD9-0DEBFFD9A018}.Release|Any CPU.Build.0 = Release|Any CPU
	EndGlobalSection
	GlobalSection(SolutionProperties) = preSolution
		HideSolutionNode = FALSE
	EndGlobalSection
	GlobalSection(ExtensibilityGlobals) = postSolution
		SolutionGuid = {C81272CF-96BD-4672-9B54-4C3153B08382}
	EndGlobalSection
EndGlobal
