
Microsoft Visual Studio Solution File, Format Version 10.00
# Visual Studio 2008
Project("{FAE04EC0-301F-11D3-BF4B-00C04F79EFBC}") = "FIFO_LIFO", "FIFO_LIFO\FIFO_LIFO.csproj", "{DC703169-9E8A-4284-9FDA-74CD23C145FC}"
EndProject
Global
	GlobalSection(SolutionConfigurationPlatforms) = preSolution
		Debug|Any CPU = Debug|Any CPU
		Release|Any CPU = Release|Any CPU
	EndGlobalSection
	GlobalSection(ProjectConfigurationPlatforms) = postSolution
		{DC703169-9E8A-4284-9FDA-74CD23C145FC}.Debug|Any CPU.ActiveCfg = Debug|Any CPU
		{DC703169-9E8A-4284-9FDA-74CD23C145FC}.Debug|Any CPU.Build.0 = Debug|Any CPU
		{DC703169-9E8A-4284-9FDA-74CD23C145FC}.Release|Any CPU.ActiveCfg = Release|Any CPU
		{DC703169-9E8A-4284-9FDA-74CD23C145FC}.Release|Any CPU.Build.0 = Release|Any CPU
	EndGlobalSection
	GlobalSection(SolutionProperties) = preSolution
		HideSolutionNode = FALSE
	EndGlobalSection
EndGlobal
