
Microsoft Visual Studio Solution File, Format Version 12.00
# Visual Studio Version 16
VisualStudioVersion = 16.0.29709.97
MinimumVisualStudioVersion = 10.0.40219.1
Project("{FAE04EC0-301F-11D3-BF4B-00C04F79EFBC}") = "pr3-01-upr2", "pr3-01-upr2.csproj", "{2DC68320-C4BA-4716-BE59-8530F9EC1E33}"
EndProject
Global
	GlobalSection(SolutionConfigurationPlatforms) = preSolution
		Debug|Any CPU = Debug|Any CPU
		Release|Any CPU = Release|Any CPU
	EndGlobalSection
	GlobalSection(ProjectConfigurationPlatforms) = postSolution
		{2DC68320-C4BA-4716-BE59-8530F9EC1E33}.Debug|Any CPU.ActiveCfg = Debug|Any CPU
		{2DC68320-C4BA-4716-BE59-8530F9EC1E33}.Debug|Any CPU.Build.0 = Debug|Any CPU
		{2DC68320-C4BA-4716-BE59-8530F9EC1E33}.Release|Any CPU.ActiveCfg = Release|Any CPU
		{2DC68320-C4BA-4716-BE59-8530F9EC1E33}.Release|Any CPU.Build.0 = Release|Any CPU
	EndGlobalSection
	GlobalSection(SolutionProperties) = preSolution
		HideSolutionNode = FALSE
	EndGlobalSection
	GlobalSection(ExtensibilityGlobals) = postSolution
		SolutionGuid = {99560454-BBDD-4ADC-83C2-1DF4AF1FF321}
	EndGlobalSection
EndGlobal
