
Microsoft Visual Studio Solution File, Format Version 12.00
# Visual Studio Version 16
VisualStudioVersion = 16.0.29709.97
MinimumVisualStudioVersion = 10.0.40219.1
Project("{FAE04EC0-301F-11D3-BF4B-00C04F79EFBC}") = "prakt4-01", "prakt4-01.csproj", "{15DD04F3-9B63-4A9E-81C1-04D1203DF971}"
EndProject
Global
	GlobalSection(SolutionConfigurationPlatforms) = preSolution
		Debug|Any CPU = Debug|Any CPU
		Release|Any CPU = Release|Any CPU
	EndGlobalSection
	GlobalSection(ProjectConfigurationPlatforms) = postSolution
		{15DD04F3-9B63-4A9E-81C1-04D1203DF971}.Debug|Any CPU.ActiveCfg = Debug|Any CPU
		{15DD04F3-9B63-4A9E-81C1-04D1203DF971}.Debug|Any CPU.Build.0 = Debug|Any CPU
		{15DD04F3-9B63-4A9E-81C1-04D1203DF971}.Release|Any CPU.ActiveCfg = Release|Any CPU
		{15DD04F3-9B63-4A9E-81C1-04D1203DF971}.Release|Any CPU.Build.0 = Release|Any CPU
	EndGlobalSection
	GlobalSection(SolutionProperties) = preSolution
		HideSolutionNode = FALSE
	EndGlobalSection
	GlobalSection(ExtensibilityGlobals) = postSolution
		SolutionGuid = {ED7463D8-1E7E-4E64-BD5C-8741050DCFB0}
	EndGlobalSection
EndGlobal
