
Microsoft Visual Studio Solution File, Format Version 12.00
# Visual Studio Version 16
VisualStudioVersion = 16.0.29709.97
MinimumVisualStudioVersion = 10.0.40219.1
Project("{FAE04EC0-301F-11D3-BF4B-00C04F79EFBC}") = "offTOP", "offTOP.csproj", "{AA0C57EC-9194-47B2-B347-F7772E6F2DBD}"
EndProject
Global
	GlobalSection(SolutionConfigurationPlatforms) = preSolution
		Debug|Any CPU = Debug|Any CPU
		Release|Any CPU = Release|Any CPU
	EndGlobalSection
	GlobalSection(ProjectConfigurationPlatforms) = postSolution
		{AA0C57EC-9194-47B2-B347-F7772E6F2DBD}.Debug|Any CPU.ActiveCfg = Debug|Any CPU
		{AA0C57EC-9194-47B2-B347-F7772E6F2DBD}.Debug|Any CPU.Build.0 = Debug|Any CPU
		{AA0C57EC-9194-47B2-B347-F7772E6F2DBD}.Release|Any CPU.ActiveCfg = Release|Any CPU
		{AA0C57EC-9194-47B2-B347-F7772E6F2DBD}.Release|Any CPU.Build.0 = Release|Any CPU
	EndGlobalSection
	GlobalSection(SolutionProperties) = preSolution
		HideSolutionNode = FALSE
	EndGlobalSection
	GlobalSection(ExtensibilityGlobals) = postSolution
		SolutionGuid = {A8272B4B-302F-4BBB-9067-8C06A389C338}
	EndGlobalSection
EndGlobal
