
Microsoft Visual Studio Solution File, Format Version 12.00
# Visual Studio Version 16
VisualStudioVersion = 16.0.30413.136
MinimumVisualStudioVersion = 10.0.40219.1
Project("{FAE04EC0-301F-11D3-BF4B-00C04F79EFBC}") = "GameWindowsForms", "GameWindowsForms.csproj", "{8433783D-2A74-4EFF-8A64-7A413FC46C74}"
EndProject
Global
	GlobalSection(SolutionConfigurationPlatforms) = preSolution
		Debug|Any CPU = Debug|Any CPU
		Release|Any CPU = Release|Any CPU
	EndGlobalSection
	GlobalSection(ProjectConfigurationPlatforms) = postSolution
		{8433783D-2A74-4EFF-8A64-7A413FC46C74}.Debug|Any CPU.ActiveCfg = Debug|Any CPU
		{8433783D-2A74-4EFF-8A64-7A413FC46C74}.Debug|Any CPU.Build.0 = Debug|Any CPU
		{8433783D-2A74-4EFF-8A64-7A413FC46C74}.Release|Any CPU.ActiveCfg = Release|Any CPU
		{8433783D-2A74-4EFF-8A64-7A413FC46C74}.Release|Any CPU.Build.0 = Release|Any CPU
	EndGlobalSection
	GlobalSection(SolutionProperties) = preSolution
		HideSolutionNode = FALSE
	EndGlobalSection
	GlobalSection(ExtensibilityGlobals) = postSolution
		SolutionGuid = {753AABAE-5749-46ED-AF33-2811550B4F85}
	EndGlobalSection
EndGlobal
