
Microsoft Visual Studio Solution File, Format Version 10.00
# Visual Studio 2008
Project("{FAE04EC0-301F-11D3-BF4B-00C04F79EFBC}") = "_NameValueCollection", "_NameValueCollection\_NameValueCollection.csproj", "{AF67C58E-16DD-4BEF-8C74-8B6A64137409}"
EndProject
Global
	GlobalSection(SolutionConfigurationPlatforms) = preSolution
		Debug|Any CPU = Debug|Any CPU
		Release|Any CPU = Release|Any CPU
	EndGlobalSection
	GlobalSection(ProjectConfigurationPlatforms) = postSolution
		{AF67C58E-16DD-4BEF-8C74-8B6A64137409}.Debug|Any CPU.ActiveCfg = Debug|Any CPU
		{AF67C58E-16DD-4BEF-8C74-8B6A64137409}.Debug|Any CPU.Build.0 = Debug|Any CPU
		{AF67C58E-16DD-4BEF-8C74-8B6A64137409}.Release|Any CPU.ActiveCfg = Release|Any CPU
		{AF67C58E-16DD-4BEF-8C74-8B6A64137409}.Release|Any CPU.Build.0 = Release|Any CPU
	EndGlobalSection
	GlobalSection(SolutionProperties) = preSolution
		HideSolutionNode = FALSE
	EndGlobalSection
EndGlobal
