
Microsoft Visual Studio Solution File, Format Version 12.00
# Visual Studio Version 16
VisualStudioVersion = 16.0.30413.136
MinimumVisualStudioVersion = 10.0.40219.1
Project("{FAE04EC0-301F-11D3-BF4B-00C04F79EFBC}") = "WindowsFormsApp3", "WindowsFormsApp3.csproj", "{EBE3B28D-42FB-4B46-B371-C43BE34E3205}"
EndProject
Global
	GlobalSection(SolutionConfigurationPlatforms) = preSolution
		Debug|Any CPU = Debug|Any CPU
		Release|Any CPU = Release|Any CPU
	EndGlobalSection
	GlobalSection(ProjectConfigurationPlatforms) = postSolution
		{EBE3B28D-42FB-4B46-B371-C43BE34E3205}.Debug|Any CPU.ActiveCfg = Debug|Any CPU
		{EBE3B28D-42FB-4B46-B371-C43BE34E3205}.Debug|Any CPU.Build.0 = Debug|Any CPU
		{EBE3B28D-42FB-4B46-B371-C43BE34E3205}.Release|Any CPU.ActiveCfg = Release|Any CPU
		{EBE3B28D-42FB-4B46-B371-C43BE34E3205}.Release|Any CPU.Build.0 = Release|Any CPU
	EndGlobalSection
	GlobalSection(SolutionProperties) = preSolution
		HideSolutionNode = FALSE
	EndGlobalSection
	GlobalSection(ExtensibilityGlobals) = postSolution
		SolutionGuid = {DBC2BBBE-DC58-4BBA-9B44-F0760EA5600C}
	EndGlobalSection
EndGlobal
