
Microsoft Visual Studio Solution File, Format Version 12.00
# Visual Studio 15
VisualStudioVersion = 15.0.28307.102
MinimumVisualStudioVersion = 10.0.40219.1
Project("{FAE04EC0-301F-11D3-BF4B-00C04F79EFBC}") = "Avtomat-Bandit", "Avtomat-Bandit\Avtomat-Bandit.csproj", "{23DBB603-7074-4137-8B51-301B6140F608}"
EndProject
Global
	GlobalSection(SolutionConfigurationPlatforms) = preSolution
		Debug|Any CPU = Debug|Any CPU
		Release|Any CPU = Release|Any CPU
	EndGlobalSection
	GlobalSection(ProjectConfigurationPlatforms) = postSolution
		{23DBB603-7074-4137-8B51-301B6140F608}.Debug|Any CPU.ActiveCfg = Debug|Any CPU
		{23DBB603-7074-4137-8B51-301B6140F608}.Debug|Any CPU.Build.0 = Debug|Any CPU
		{23DBB603-7074-4137-8B51-301B6140F608}.Release|Any CPU.ActiveCfg = Release|Any CPU
		{23DBB603-7074-4137-8B51-301B6140F608}.Release|Any CPU.Build.0 = Release|Any CPU
	EndGlobalSection
	GlobalSection(SolutionProperties) = preSolution
		HideSolutionNode = FALSE
	EndGlobalSection
	GlobalSection(ExtensibilityGlobals) = postSolution
		SolutionGuid = {9AB21958-2E1E-49B0-9C9E-43482CC8FB33}
	EndGlobalSection
EndGlobal
