
Microsoft Visual Studio Solution File, Format Version 12.00
# Visual Studio Version 16
VisualStudioVersion = 16.0.31702.278
MinimumVisualStudioVersion = 10.0.40219.1
Project("{FAE04EC0-301F-11D3-BF4B-00C04F79EFBC}") = "EzhSampleSer", "EzhSampleSer.csproj", "{0384AEEF-4F97-47CF-BBBA-871919BF26A1}"
EndProject
Global
	GlobalSection(SolutionConfigurationPlatforms) = preSolution
		Debug|Any CPU = Debug|Any CPU
		Release|Any CPU = Release|Any CPU
	EndGlobalSection
	GlobalSection(ProjectConfigurationPlatforms) = postSolution
		{0384AEEF-4F97-47CF-BBBA-871919BF26A1}.Debug|Any CPU.ActiveCfg = Debug|Any CPU
		{0384AEEF-4F97-47CF-BBBA-871919BF26A1}.Debug|Any CPU.Build.0 = Debug|Any CPU
		{0384AEEF-4F97-47CF-BBBA-871919BF26A1}.Release|Any CPU.ActiveCfg = Release|Any CPU
		{0384AEEF-4F97-47CF-BBBA-871919BF26A1}.Release|Any CPU.Build.0 = Release|Any CPU
	EndGlobalSection
	GlobalSection(SolutionProperties) = preSolution
		HideSolutionNode = FALSE
	EndGlobalSection
	GlobalSection(ExtensibilityGlobals) = postSolution
		SolutionGuid = {BE8B8F2A-8529-43F7-90BC-13AE2BD825CE}
	EndGlobalSection
EndGlobal
