
Microsoft Visual Studio Solution File, Format Version 12.00
# Visual Studio Version 16
VisualStudioVersion = 16.0.30717.126
MinimumVisualStudioVersion = 10.0.40219.1
Project("{FAE04EC0-301F-11D3-BF4B-00C04F79EFBC}") = "WebApplication3", "WebApplication3.csproj", "{1DA446F3-5A0C-4E1E-9FC0-5684B3B8FFBD}"
EndProject
Global
	GlobalSection(SolutionConfigurationPlatforms) = preSolution
		Debug|Any CPU = Debug|Any CPU
		Release|Any CPU = Release|Any CPU
	EndGlobalSection
	GlobalSection(ProjectConfigurationPlatforms) = postSolution
		{1DA446F3-5A0C-4E1E-9FC0-5684B3B8FFBD}.Debug|Any CPU.ActiveCfg = Debug|Any CPU
		{1DA446F3-5A0C-4E1E-9FC0-5684B3B8FFBD}.Debug|Any CPU.Build.0 = Debug|Any CPU
		{1DA446F3-5A0C-4E1E-9FC0-5684B3B8FFBD}.Release|Any CPU.ActiveCfg = Release|Any CPU
		{1DA446F3-5A0C-4E1E-9FC0-5684B3B8FFBD}.Release|Any CPU.Build.0 = Release|Any CPU
	EndGlobalSection
	GlobalSection(SolutionProperties) = preSolution
		HideSolutionNode = FALSE
	EndGlobalSection
	GlobalSection(ExtensibilityGlobals) = postSolution
		SolutionGuid = {0C0DE828-BCAA-4E93-A89B-AA0B308CD197}
	EndGlobalSection
EndGlobal
