
Microsoft Visual Studio Solution File, Format Version 12.00
# Visual Studio Version 16
VisualStudioVersion = 16.0.31729.503
MinimumVisualStudioVersion = 10.0.40219.1
Project("{FAE04EC0-301F-11D3-BF4B-00C04F79EFBC}") = "WinFormsApp1", "WinFormsApp1.csproj", "{02E3DE64-9422-4C35-8256-3860C53338C9}"
EndProject
Global
	GlobalSection(SolutionConfigurationPlatforms) = preSolution
		Debug|Any CPU = Debug|Any CPU
		Release|Any CPU = Release|Any CPU
	EndGlobalSection
	GlobalSection(ProjectConfigurationPlatforms) = postSolution
		{02E3DE64-9422-4C35-8256-3860C53338C9}.Debug|Any CPU.ActiveCfg = Debug|Any CPU
		{02E3DE64-9422-4C35-8256-3860C53338C9}.Debug|Any CPU.Build.0 = Debug|Any CPU
		{02E3DE64-9422-4C35-8256-3860C53338C9}.Release|Any CPU.ActiveCfg = Release|Any CPU
		{02E3DE64-9422-4C35-8256-3860C53338C9}.Release|Any CPU.Build.0 = Release|Any CPU
	EndGlobalSection
	GlobalSection(SolutionProperties) = preSolution
		HideSolutionNode = FALSE
	EndGlobalSection
	GlobalSection(ExtensibilityGlobals) = postSolution
		SolutionGuid = {40216617-87A9-41E1-991A-C50B43444CA9}
	EndGlobalSection
EndGlobal
