
Microsoft Visual Studio Solution File, Format Version 12.00
# Visual Studio Version 16
VisualStudioVersion = 16.0.30717.126
MinimumVisualStudioVersion = 10.0.40219.1
Project("{FAE04EC0-301F-11D3-BF4B-00C04F79EFBC}") = "WpfApp1", "WpfApp1.csproj", "{D965117A-4447-43F3-B3A9-A567CA5AD260}"
EndProject
Global
	GlobalSection(SolutionConfigurationPlatforms) = preSolution
		Debug|Any CPU = Debug|Any CPU
		Release|Any CPU = Release|Any CPU
	EndGlobalSection
	GlobalSection(ProjectConfigurationPlatforms) = postSolution
		{D965117A-4447-43F3-B3A9-A567CA5AD260}.Debug|Any CPU.ActiveCfg = Debug|Any CPU
		{D965117A-4447-43F3-B3A9-A567CA5AD260}.Debug|Any CPU.Build.0 = Debug|Any CPU
		{D965117A-4447-43F3-B3A9-A567CA5AD260}.Release|Any CPU.ActiveCfg = Release|Any CPU
		{D965117A-4447-43F3-B3A9-A567CA5AD260}.Release|Any CPU.Build.0 = Release|Any CPU
	EndGlobalSection
	GlobalSection(SolutionProperties) = preSolution
		HideSolutionNode = FALSE
	EndGlobalSection
	GlobalSection(ExtensibilityGlobals) = postSolution
		SolutionGuid = {54FCCD20-DB2C-4294-BBFA-6F8450E835B4}
	EndGlobalSection
EndGlobal
