
Microsoft Visual Studio Solution File, Format Version 12.00
# Visual Studio Version 16
VisualStudioVersion = 16.0.29709.97
MinimumVisualStudioVersion = 10.0.40219.1
Project("{FAE04EC0-301F-11D3-BF4B-00C04F79EFBC}") = "prakt6-var1", "prakt6-var1.csproj", "{791E5B7C-943B-4812-9A6E-893C83FFED44}"
EndProject
Project("{2150E333-8FDC-42A3-9474-1A3956D46DE8}") = "Solution Items", "Solution Items", "{569D62CE-F8F8-432E-A741-9F74438C853E}"
	ProjectSection(SolutionItems) = preProject
		person.cs = person.cs
	EndProjectSection
EndProject
Global
	GlobalSection(SolutionConfigurationPlatforms) = preSolution
		Debug|Any CPU = Debug|Any CPU
		Release|Any CPU = Release|Any CPU
	EndGlobalSection
	GlobalSection(ProjectConfigurationPlatforms) = postSolution
		{791E5B7C-943B-4812-9A6E-893C83FFED44}.Debug|Any CPU.ActiveCfg = Debug|Any CPU
		{791E5B7C-943B-4812-9A6E-893C83FFED44}.Debug|Any CPU.Build.0 = Debug|Any CPU
		{791E5B7C-943B-4812-9A6E-893C83FFED44}.Release|Any CPU.ActiveCfg = Release|Any CPU
		{791E5B7C-943B-4812-9A6E-893C83FFED44}.Release|Any CPU.Build.0 = Release|Any CPU
	EndGlobalSection
	GlobalSection(SolutionProperties) = preSolution
		HideSolutionNode = FALSE
	EndGlobalSection
	GlobalSection(ExtensibilityGlobals) = postSolution
		SolutionGuid = {DC71685D-97DE-429C-97F9-63C25CB9E460}
	EndGlobalSection
EndGlobal
