
Microsoft Visual Studio Solution File, Format Version 12.00
# Visual Studio Version 16
VisualStudioVersion = 16.0.30413.136
MinimumVisualStudioVersion = 10.0.40219.1
Project("{FAE04EC0-301F-11D3-BF4B-00C04F79EFBC}") = "Serialize-People", "Serialize-People\Serialize-People.csproj", "{D9754AB3-627C-4A6D-B194-F9DBBDB28E87}"
EndProject
Global
	GlobalSection(SolutionConfigurationPlatforms) = preSolution
		Debug|Any CPU = Debug|Any CPU
		Release|Any CPU = Release|Any CPU
	EndGlobalSection
	GlobalSection(ProjectConfigurationPlatforms) = postSolution
		{D9754AB3-627C-4A6D-B194-F9DBBDB28E87}.Debug|Any CPU.ActiveCfg = Debug|Any CPU
		{D9754AB3-627C-4A6D-B194-F9DBBDB28E87}.Debug|Any CPU.Build.0 = Debug|Any CPU
		{D9754AB3-627C-4A6D-B194-F9DBBDB28E87}.Release|Any CPU.ActiveCfg = Release|Any CPU
		{D9754AB3-627C-4A6D-B194-F9DBBDB28E87}.Release|Any CPU.Build.0 = Release|Any CPU
	EndGlobalSection
	GlobalSection(SolutionProperties) = preSolution
		HideSolutionNode = FALSE
	EndGlobalSection
	GlobalSection(ExtensibilityGlobals) = postSolution
		SolutionGuid = {82F06581-7351-48FA-9C10-5E8B12982AD0}
	EndGlobalSection
EndGlobal
