
Microsoft Visual Studio Solution File, Format Version 12.00
# Visual Studio Version 16
VisualStudioVersion = 16.0.30413.136
MinimumVisualStudioVersion = 10.0.40219.1
Project("{FAE04EC0-301F-11D3-BF4B-00C04F79EFBC}") = "demo", "demo.csproj", "{8559205F-8EA7-4725-B553-2E6E59E63236}"
EndProject
Global
	GlobalSection(SolutionConfigurationPlatforms) = preSolution
		Debug|Any CPU = Debug|Any CPU
		Release|Any CPU = Release|Any CPU
	EndGlobalSection
	GlobalSection(ProjectConfigurationPlatforms) = postSolution
		{8559205F-8EA7-4725-B553-2E6E59E63236}.Debug|Any CPU.ActiveCfg = Debug|Any CPU
		{8559205F-8EA7-4725-B553-2E6E59E63236}.Debug|Any CPU.Build.0 = Debug|Any CPU
		{8559205F-8EA7-4725-B553-2E6E59E63236}.Release|Any CPU.ActiveCfg = Release|Any CPU
		{8559205F-8EA7-4725-B553-2E6E59E63236}.Release|Any CPU.Build.0 = Release|Any CPU
	EndGlobalSection
	GlobalSection(SolutionProperties) = preSolution
		HideSolutionNode = FALSE
	EndGlobalSection
	GlobalSection(ExtensibilityGlobals) = postSolution
		SolutionGuid = {23127588-5C2F-4094-8F0A-A92A59ECE5DC}
	EndGlobalSection
EndGlobal
