
Microsoft Visual Studio Solution File, Format Version 12.00
# Visual Studio 15
VisualStudioVersion = 15.0.27428.2005
MinimumVisualStudioVersion = 10.0.40219.1
Project("{FAE04EC0-301F-11D3-BF4B-00C04F79EFBC}") = "WinFormsApp_HitTheKey", "WinFormsApp_HitTheKey\WinFormsApp_HitTheKey.csproj", "{56EC186B-CE53-4614-B280-B9D331C110D1}"
EndProject
Global
	GlobalSection(SolutionConfigurationPlatforms) = preSolution
		Debug|Any CPU = Debug|Any CPU
		Release|Any CPU = Release|Any CPU
	EndGlobalSection
	GlobalSection(ProjectConfigurationPlatforms) = postSolution
		{56EC186B-CE53-4614-B280-B9D331C110D1}.Debug|Any CPU.ActiveCfg = Debug|Any CPU
		{56EC186B-CE53-4614-B280-B9D331C110D1}.Debug|Any CPU.Build.0 = Debug|Any CPU
		{56EC186B-CE53-4614-B280-B9D331C110D1}.Release|Any CPU.ActiveCfg = Release|Any CPU
		{56EC186B-CE53-4614-B280-B9D331C110D1}.Release|Any CPU.Build.0 = Release|Any CPU
	EndGlobalSection
	GlobalSection(SolutionProperties) = preSolution
		HideSolutionNode = FALSE
	EndGlobalSection
	GlobalSection(ExtensibilityGlobals) = postSolution
		SolutionGuid = {C0FF4D03-0821-43FA-8F6D-E1965C2F2F37}
	EndGlobalSection
EndGlobal
