
Microsoft Visual Studio Solution File, Format Version 10.00
# Visual Studio 2008
Project("{FAE04EC0-301F-11D3-BF4B-00C04F79EFBC}") = "Regex2", "Regex2\Regex2.csproj", "{754D2E3B-8A2B-4089-AE05-F2960BBE138B}"
EndProject
Global
	GlobalSection(SolutionConfigurationPlatforms) = preSolution
		Debug|Any CPU = Debug|Any CPU
		Release|Any CPU = Release|Any CPU
	EndGlobalSection
	GlobalSection(ProjectConfigurationPlatforms) = postSolution
		{754D2E3B-8A2B-4089-AE05-F2960BBE138B}.Debug|Any CPU.ActiveCfg = Debug|Any CPU
		{754D2E3B-8A2B-4089-AE05-F2960BBE138B}.Debug|Any CPU.Build.0 = Debug|Any CPU
		{754D2E3B-8A2B-4089-AE05-F2960BBE138B}.Release|Any CPU.ActiveCfg = Release|Any CPU
		{754D2E3B-8A2B-4089-AE05-F2960BBE138B}.Release|Any CPU.Build.0 = Release|Any CPU
	EndGlobalSection
	GlobalSection(SolutionProperties) = preSolution
		HideSolutionNode = FALSE
	EndGlobalSection
EndGlobal
