
Microsoft Visual Studio Solution File, Format Version 12.00
# Visual Studio Version 16
VisualStudioVersion = 16.0.29709.97
MinimumVisualStudioVersion = 10.0.40219.1
Project("{FAE04EC0-301F-11D3-BF4B-00C04F79EFBC}") = "prak4-02-upr01", "prak4-02-upr01.csproj", "{9D70DDAD-E146-4E3A-B783-83C447810BA1}"
EndProject
Global
	GlobalSection(SolutionConfigurationPlatforms) = preSolution
		Debug|Any CPU = Debug|Any CPU
		Release|Any CPU = Release|Any CPU
	EndGlobalSection
	GlobalSection(ProjectConfigurationPlatforms) = postSolution
		{9D70DDAD-E146-4E3A-B783-83C447810BA1}.Debug|Any CPU.ActiveCfg = Debug|Any CPU
		{9D70DDAD-E146-4E3A-B783-83C447810BA1}.Debug|Any CPU.Build.0 = Debug|Any CPU
		{9D70DDAD-E146-4E3A-B783-83C447810BA1}.Release|Any CPU.ActiveCfg = Release|Any CPU
		{9D70DDAD-E146-4E3A-B783-83C447810BA1}.Release|Any CPU.Build.0 = Release|Any CPU
	EndGlobalSection
	GlobalSection(SolutionProperties) = preSolution
		HideSolutionNode = FALSE
	EndGlobalSection
	GlobalSection(ExtensibilityGlobals) = postSolution
		SolutionGuid = {1A175B00-D841-4245-88F5-B5669DB0D0D4}
	EndGlobalSection
EndGlobal
