
Microsoft Visual Studio Solution File, Format Version 10.00
# Visual Studio 2008
Project("{FAE04EC0-301F-11D3-BF4B-00C04F79EFBC}") = "store", "store\store.csproj", "{3DE89E40-CF04-4326-B4FF-B487E6118392}"
EndProject
Global
	GlobalSection(SolutionConfigurationPlatforms) = preSolution
		Debug|Any CPU = Debug|Any CPU
		Release|Any CPU = Release|Any CPU
	EndGlobalSection
	GlobalSection(ProjectConfigurationPlatforms) = postSolution
		{3DE89E40-CF04-4326-B4FF-B487E6118392}.Debug|Any CPU.ActiveCfg = Debug|Any CPU
		{3DE89E40-CF04-4326-B4FF-B487E6118392}.Debug|Any CPU.Build.0 = Debug|Any CPU
		{3DE89E40-CF04-4326-B4FF-B487E6118392}.Release|Any CPU.ActiveCfg = Release|Any CPU
		{3DE89E40-CF04-4326-B4FF-B487E6118392}.Release|Any CPU.Build.0 = Release|Any CPU
	EndGlobalSection
	GlobalSection(SolutionProperties) = preSolution
		HideSolutionNode = FALSE
	EndGlobalSection
EndGlobal
