
Microsoft Visual Studio Solution File, Format Version 10.00
# Visual Studio 2008
Project("{FAE04EC0-301F-11D3-BF4B-00C04F79EFBC}") = "StringReader", "StringReader\StringReader.csproj", "{29C1C7AF-649C-416E-9E37-52988522EAFF}"
EndProject
Global
	GlobalSection(SolutionConfigurationPlatforms) = preSolution
		Debug|Any CPU = Debug|Any CPU
		Release|Any CPU = Release|Any CPU
	EndGlobalSection
	GlobalSection(ProjectConfigurationPlatforms) = postSolution
		{29C1C7AF-649C-416E-9E37-52988522EAFF}.Debug|Any CPU.ActiveCfg = Debug|Any CPU
		{29C1C7AF-649C-416E-9E37-52988522EAFF}.Debug|Any CPU.Build.0 = Debug|Any CPU
		{29C1C7AF-649C-416E-9E37-52988522EAFF}.Release|Any CPU.ActiveCfg = Release|Any CPU
		{29C1C7AF-649C-416E-9E37-52988522EAFF}.Release|Any CPU.Build.0 = Release|Any CPU
	EndGlobalSection
	GlobalSection(SolutionProperties) = preSolution
		HideSolutionNode = FALSE
	EndGlobalSection
EndGlobal
