
Microsoft Visual Studio Solution File, Format Version 12.00
# Visual Studio Version 16
VisualStudioVersion = 16.0.31729.503
MinimumVisualStudioVersion = 10.0.40219.1
Project("{FAE04EC0-301F-11D3-BF4B-00C04F79EFBC}") = "PhotoCamera", "PhotoCamera.csproj", "{353E9E84-83F3-4C59-A1F8-F8BBC2AEAE69}"
EndProject
Global
	GlobalSection(SolutionConfigurationPlatforms) = preSolution
		Debug|Any CPU = Debug|Any CPU
		Release|Any CPU = Release|Any CPU
	EndGlobalSection
	GlobalSection(ProjectConfigurationPlatforms) = postSolution
		{353E9E84-83F3-4C59-A1F8-F8BBC2AEAE69}.Debug|Any CPU.ActiveCfg = Debug|Any CPU
		{353E9E84-83F3-4C59-A1F8-F8BBC2AEAE69}.Debug|Any CPU.Build.0 = Debug|Any CPU
		{353E9E84-83F3-4C59-A1F8-F8BBC2AEAE69}.Release|Any CPU.ActiveCfg = Release|Any CPU
		{353E9E84-83F3-4C59-A1F8-F8BBC2AEAE69}.Release|Any CPU.Build.0 = Release|Any CPU
	EndGlobalSection
	GlobalSection(SolutionProperties) = preSolution
		HideSolutionNode = FALSE
	EndGlobalSection
	GlobalSection(ExtensibilityGlobals) = postSolution
		SolutionGuid = {DC23DC6D-2FC1-43F5-9279-BB4A54A450E1}
	EndGlobalSection
EndGlobal
