
Microsoft Visual Studio Solution File, Format Version 12.00
# Visual Studio Version 16
VisualStudioVersion = 16.0.30804.86
MinimumVisualStudioVersion = 10.0.40219.1
Project("{FAE04EC0-301F-11D3-BF4B-00C04F79EFBC}") = "App2", "App2.csproj", "{1AE25900-D81B-441D-B308-D65DAA38DCAC}"
EndProject
Global
	GlobalSection(SolutionConfigurationPlatforms) = preSolution
		Debug|ARM = Debug|ARM
		Debug|ARM64 = Debug|ARM64
		Debug|x64 = Debug|x64
		Debug|x86 = Debug|x86
		Release|ARM = Release|ARM
		Release|ARM64 = Release|ARM64
		Release|x64 = Release|x64
		Release|x86 = Release|x86
	EndGlobalSection
	GlobalSection(ProjectConfigurationPlatforms) = postSolution
		{1AE25900-D81B-441D-B308-D65DAA38DCAC}.Debug|ARM.ActiveCfg = Debug|ARM
		{1AE25900-D81B-441D-B308-D65DAA38DCAC}.Debug|ARM.Build.0 = Debug|ARM
		{1AE25900-D81B-441D-B308-D65DAA38DCAC}.Debug|ARM.Deploy.0 = Debug|ARM
		{1AE25900-D81B-441D-B308-D65DAA38DCAC}.Debug|ARM64.ActiveCfg = Debug|ARM64
		{1AE25900-D81B-441D-B308-D65DAA38DCAC}.Debug|ARM64.Build.0 = Debug|ARM64
		{1AE25900-D81B-441D-B308-D65DAA38DCAC}.Debug|ARM64.Deploy.0 = Debug|ARM64
		{1AE25900-D81B-441D-B308-D65DAA38DCAC}.Debug|x64.ActiveCfg = Debug|x64
		{1AE25900-D81B-441D-B308-D65DAA38DCAC}.Debug|x64.Build.0 = Debug|x64
		{1AE25900-D81B-441D-B308-D65DAA38DCAC}.Debug|x64.Deploy.0 = Debug|x64
		{1AE25900-D81B-441D-B308-D65DAA38DCAC}.Debug|x86.ActiveCfg = Debug|x86
		{1AE25900-D81B-441D-B308-D65DAA38DCAC}.Debug|x86.Build.0 = Debug|x86
		{1AE25900-D81B-441D-B308-D65DAA38DCAC}.Debug|x86.Deploy.0 = Debug|x86
		{1AE25900-D81B-441D-B308-D65DAA38DCAC}.Release|ARM.ActiveCfg = Release|ARM
		{1AE25900-D81B-441D-B308-D65DAA38DCAC}.Release|ARM.Build.0 = Release|ARM
		{1AE25900-D81B-441D-B308-D65DAA38DCAC}.Release|ARM.Deploy.0 = Release|ARM
		{1AE25900-D81B-441D-B308-D65DAA38DCAC}.Release|ARM64.ActiveCfg = Release|ARM64
		{1AE25900-D81B-441D-B308-D65DAA38DCAC}.Release|ARM64.Build.0 = Release|ARM64
		{1AE25900-D81B-441D-B308-D65DAA38DCAC}.Release|ARM64.Deploy.0 = Release|ARM64
		{1AE25900-D81B-441D-B308-D65DAA38DCAC}.Release|x64.ActiveCfg = Release|x64
		{1AE25900-D81B-441D-B308-D65DAA38DCAC}.Release|x64.Build.0 = Release|x64
		{1AE25900-D81B-441D-B308-D65DAA38DCAC}.Release|x64.Deploy.0 = Release|x64
		{1AE25900-D81B-441D-B308-D65DAA38DCAC}.Release|x86.ActiveCfg = Release|x86
		{1AE25900-D81B-441D-B308-D65DAA38DCAC}.Release|x86.Build.0 = Release|x86
		{1AE25900-D81B-441D-B308-D65DAA38DCAC}.Release|x86.Deploy.0 = Release|x86
	EndGlobalSection
	GlobalSection(SolutionProperties) = preSolution
		HideSolutionNode = FALSE
	EndGlobalSection
	GlobalSection(ExtensibilityGlobals) = postSolution
		SolutionGuid = {89A89522-715E-42A8-97B9-E53C8DE74DC4}
	EndGlobalSection
EndGlobal
