
Microsoft Visual Studio Solution File, Format Version 12.00
# Visual Studio Version 16
VisualStudioVersion = 16.0.30413.136
MinimumVisualStudioVersion = 10.0.40219.1
Project("{FAE04EC0-301F-11D3-BF4B-00C04F79EFBC}") = "prakt4-01", "prakt4-01.csproj", "{E9E03CD6-427A-4CAB-89BB-90B503C531D2}"
EndProject
Global
	GlobalSection(SolutionConfigurationPlatforms) = preSolution
		Debug|Any CPU = Debug|Any CPU
		Release|Any CPU = Release|Any CPU
	EndGlobalSection
	GlobalSection(ProjectConfigurationPlatforms) = postSolution
		{E9E03CD6-427A-4CAB-89BB-90B503C531D2}.Debug|Any CPU.ActiveCfg = Debug|Any CPU
		{E9E03CD6-427A-4CAB-89BB-90B503C531D2}.Debug|Any CPU.Build.0 = Debug|Any CPU
		{E9E03CD6-427A-4CAB-89BB-90B503C531D2}.Release|Any CPU.ActiveCfg = Release|Any CPU
		{E9E03CD6-427A-4CAB-89BB-90B503C531D2}.Release|Any CPU.Build.0 = Release|Any CPU
	EndGlobalSection
	GlobalSection(SolutionProperties) = preSolution
		HideSolutionNode = FALSE
	EndGlobalSection
	GlobalSection(ExtensibilityGlobals) = postSolution
		SolutionGuid = {49B4A298-4DAC-452A-9FCA-15981E1C470E}
	EndGlobalSection
EndGlobal
