
Microsoft Visual Studio Solution File, Format Version 12.00
# Visual Studio Version 16
VisualStudioVersion = 16.0.30413.136
MinimumVisualStudioVersion = 10.0.40219.1
Project("{FAE04EC0-301F-11D3-BF4B-00C04F79EFBC}") = "ConsoleApp4", "ConsoleApp4.csproj", "{100A6E72-00D5-407D-BDCB-37D5A55593FA}"
EndProject
Global
	GlobalSection(SolutionConfigurationPlatforms) = preSolution
		Debug|Any CPU = Debug|Any CPU
		Release|Any CPU = Release|Any CPU
	EndGlobalSection
	GlobalSection(ProjectConfigurationPlatforms) = postSolution
		{100A6E72-00D5-407D-BDCB-37D5A55593FA}.Debug|Any CPU.ActiveCfg = Debug|Any CPU
		{100A6E72-00D5-407D-BDCB-37D5A55593FA}.Debug|Any CPU.Build.0 = Debug|Any CPU
		{100A6E72-00D5-407D-BDCB-37D5A55593FA}.Release|Any CPU.ActiveCfg = Release|Any CPU
		{100A6E72-00D5-407D-BDCB-37D5A55593FA}.Release|Any CPU.Build.0 = Release|Any CPU
	EndGlobalSection
	GlobalSection(SolutionProperties) = preSolution
		HideSolutionNode = FALSE
	EndGlobalSection
	GlobalSection(ExtensibilityGlobals) = postSolution
		SolutionGuid = {92D026FE-D4EF-4F63-B229-420145CCFC63}
	EndGlobalSection
EndGlobal
