
Microsoft Visual Studio Solution File, Format Version 12.00
# Visual Studio Version 16
VisualStudioVersion = 16.0.30413.136
MinimumVisualStudioVersion = 10.0.40219.1
Project("{FAE04EC0-301F-11D3-BF4B-00C04F79EFBC}") = "BISO-chat", "BISO-chat.csproj", "{2A68F228-E068-47FE-94C3-34C2022B8619}"
EndProject
Global
	GlobalSection(SolutionConfigurationPlatforms) = preSolution
		Debug|Any CPU = Debug|Any CPU
		Release|Any CPU = Release|Any CPU
	EndGlobalSection
	GlobalSection(ProjectConfigurationPlatforms) = postSolution
		{2A68F228-E068-47FE-94C3-34C2022B8619}.Debug|Any CPU.ActiveCfg = Debug|Any CPU
		{2A68F228-E068-47FE-94C3-34C2022B8619}.Debug|Any CPU.Build.0 = Debug|Any CPU
		{2A68F228-E068-47FE-94C3-34C2022B8619}.Release|Any CPU.ActiveCfg = Release|Any CPU
		{2A68F228-E068-47FE-94C3-34C2022B8619}.Release|Any CPU.Build.0 = Release|Any CPU
	EndGlobalSection
	GlobalSection(SolutionProperties) = preSolution
		HideSolutionNode = FALSE
	EndGlobalSection
	GlobalSection(ExtensibilityGlobals) = postSolution
		SolutionGuid = {631FB190-CDAC-4063-84AA-D8A0CDA48607}
	EndGlobalSection
EndGlobal
