
Microsoft Visual Studio Solution File, Format Version 12.00
# Visual Studio Version 16
VisualStudioVersion = 16.0.31729.503
MinimumVisualStudioVersion = 10.0.40219.1
Project("{FAE04EC0-301F-11D3-BF4B-00C04F79EFBC}") = "B01Canvas", "B01Canvas.csproj", "{DEC2F1FE-A33C-4235-9BED-7AC02E45D5FD}"
EndProject
Global
	GlobalSection(SolutionConfigurationPlatforms) = preSolution
		Debug|Any CPU = Debug|Any CPU
		Release|Any CPU = Release|Any CPU
	EndGlobalSection
	GlobalSection(ProjectConfigurationPlatforms) = postSolution
		{DEC2F1FE-A33C-4235-9BED-7AC02E45D5FD}.Debug|Any CPU.ActiveCfg = Debug|Any CPU
		{DEC2F1FE-A33C-4235-9BED-7AC02E45D5FD}.Debug|Any CPU.Build.0 = Debug|Any CPU
		{DEC2F1FE-A33C-4235-9BED-7AC02E45D5FD}.Release|Any CPU.ActiveCfg = Release|Any CPU
		{DEC2F1FE-A33C-4235-9BED-7AC02E45D5FD}.Release|Any CPU.Build.0 = Release|Any CPU
	EndGlobalSection
	GlobalSection(SolutionProperties) = preSolution
		HideSolutionNode = FALSE
	EndGlobalSection
	GlobalSection(ExtensibilityGlobals) = postSolution
		SolutionGuid = {BA178ACC-B29B-41CF-A210-607E653CE990}
	EndGlobalSection
EndGlobal
