
Microsoft Visual Studio Solution File, Format Version 12.00
# Visual Studio Version 16
VisualStudioVersion = 16.0.29709.97
MinimumVisualStudioVersion = 10.0.40219.1
Project("{FAE04EC0-301F-11D3-BF4B-00C04F79EFBC}") = "ConsoleApp2", "ConsoleApp2.csproj", "{A80E2370-7646-4907-B655-C4D6E1B9A036}"
EndProject
Global
	GlobalSection(SolutionConfigurationPlatforms) = preSolution
		Debug|Any CPU = Debug|Any CPU
		Release|Any CPU = Release|Any CPU
	EndGlobalSection
	GlobalSection(ProjectConfigurationPlatforms) = postSolution
		{A80E2370-7646-4907-B655-C4D6E1B9A036}.Debug|Any CPU.ActiveCfg = Debug|Any CPU
		{A80E2370-7646-4907-B655-C4D6E1B9A036}.Debug|Any CPU.Build.0 = Debug|Any CPU
		{A80E2370-7646-4907-B655-C4D6E1B9A036}.Release|Any CPU.ActiveCfg = Release|Any CPU
		{A80E2370-7646-4907-B655-C4D6E1B9A036}.Release|Any CPU.Build.0 = Release|Any CPU
	EndGlobalSection
	GlobalSection(SolutionProperties) = preSolution
		HideSolutionNode = FALSE
	EndGlobalSection
	GlobalSection(ExtensibilityGlobals) = postSolution
		SolutionGuid = {E13E9991-F9E8-40CC-8F1A-6A7CB08D24B1}
	EndGlobalSection
EndGlobal
