
Microsoft Visual Studio Solution File, Format Version 12.00
# Visual Studio Version 16
VisualStudioVersion = 16.0.30413.136
MinimumVisualStudioVersion = 10.0.40219.1
Project("{FAE04EC0-301F-11D3-BF4B-00C04F79EFBC}") = "Client", "Client.csproj", "{4A3BC93B-FDDA-4908-8FC8-BDDF48B369FD}"
EndProject
Global
	GlobalSection(SolutionConfigurationPlatforms) = preSolution
		Debug|Any CPU = Debug|Any CPU
		Release|Any CPU = Release|Any CPU
	EndGlobalSection
	GlobalSection(ProjectConfigurationPlatforms) = postSolution
		{4A3BC93B-FDDA-4908-8FC8-BDDF48B369FD}.Debug|Any CPU.ActiveCfg = Debug|Any CPU
		{4A3BC93B-FDDA-4908-8FC8-BDDF48B369FD}.Debug|Any CPU.Build.0 = Debug|Any CPU
		{4A3BC93B-FDDA-4908-8FC8-BDDF48B369FD}.Release|Any CPU.ActiveCfg = Release|Any CPU
		{4A3BC93B-FDDA-4908-8FC8-BDDF48B369FD}.Release|Any CPU.Build.0 = Release|Any CPU
	EndGlobalSection
	GlobalSection(SolutionProperties) = preSolution
		HideSolutionNode = FALSE
	EndGlobalSection
	GlobalSection(ExtensibilityGlobals) = postSolution
		SolutionGuid = {E2608350-95E0-4EF7-A39E-A36D3FB38E8F}
	EndGlobalSection
EndGlobal
