
Microsoft Visual Studio Solution File, Format Version 12.00
# Visual Studio Version 16
VisualStudioVersion = 16.0.30413.136
MinimumVisualStudioVersion = 10.0.40219.1
Project("{FAE04EC0-301F-11D3-BF4B-00C04F79EFBC}") = "second_application", "second_application\second_application.csproj", "{92D9F123-CCA7-4A53-9F0E-8BB9FA733302}"
EndProject
Global
	GlobalSection(SolutionConfigurationPlatforms) = preSolution
		Debug|Any CPU = Debug|Any CPU
		Release|Any CPU = Release|Any CPU
	EndGlobalSection
	GlobalSection(ProjectConfigurationPlatforms) = postSolution
		{92D9F123-CCA7-4A53-9F0E-8BB9FA733302}.Debug|Any CPU.ActiveCfg = Debug|Any CPU
		{92D9F123-CCA7-4A53-9F0E-8BB9FA733302}.Debug|Any CPU.Build.0 = Debug|Any CPU
		{92D9F123-CCA7-4A53-9F0E-8BB9FA733302}.Release|Any CPU.ActiveCfg = Release|Any CPU
		{92D9F123-CCA7-4A53-9F0E-8BB9FA733302}.Release|Any CPU.Build.0 = Release|Any CPU
	EndGlobalSection
	GlobalSection(SolutionProperties) = preSolution
		HideSolutionNode = FALSE
	EndGlobalSection
	GlobalSection(ExtensibilityGlobals) = postSolution
		SolutionGuid = {0C969E9A-5C7E-4BFD-93B0-22A475574B44}
	EndGlobalSection
EndGlobal
