
Microsoft Visual Studio Solution File, Format Version 12.00
# Visual Studio Version 16
VisualStudioVersion = 16.0.30413.136
MinimumVisualStudioVersion = 10.0.40219.1
Project("{FAE04EC0-301F-11D3-BF4B-00C04F79EFBC}") = "lec3-samples", "lec3-samples.csproj", "{24A2C013-D6B1-473F-80A7-8C5636D9995E}"
EndProject
Global
	GlobalSection(SolutionConfigurationPlatforms) = preSolution
		Debug|Any CPU = Debug|Any CPU
		Release|Any CPU = Release|Any CPU
	EndGlobalSection
	GlobalSection(ProjectConfigurationPlatforms) = postSolution
		{24A2C013-D6B1-473F-80A7-8C5636D9995E}.Debug|Any CPU.ActiveCfg = Debug|Any CPU
		{24A2C013-D6B1-473F-80A7-8C5636D9995E}.Debug|Any CPU.Build.0 = Debug|Any CPU
		{24A2C013-D6B1-473F-80A7-8C5636D9995E}.Release|Any CPU.ActiveCfg = Release|Any CPU
		{24A2C013-D6B1-473F-80A7-8C5636D9995E}.Release|Any CPU.Build.0 = Release|Any CPU
	EndGlobalSection
	GlobalSection(SolutionProperties) = preSolution
		HideSolutionNode = FALSE
	EndGlobalSection
	GlobalSection(ExtensibilityGlobals) = postSolution
		SolutionGuid = {FE568058-2455-452B-B55C-1126392836FD}
	EndGlobalSection
EndGlobal
