
Microsoft Visual Studio Solution File, Format Version 12.00
# Visual Studio Version 16
VisualStudioVersion = 16.0.30413.136
MinimumVisualStudioVersion = 10.0.40219.1
Project("{FAE04EC0-301F-11D3-BF4B-00C04F79EFBC}") = "SingleInstance", "SingleInstance.csproj", "{1D1C49E1-941B-4261-8A30-5AC2E25E9B96}"
EndProject
Global
	GlobalSection(SolutionConfigurationPlatforms) = preSolution
		Debug|Any CPU = Debug|Any CPU
		Release|Any CPU = Release|Any CPU
	EndGlobalSection
	GlobalSection(ProjectConfigurationPlatforms) = postSolution
		{1D1C49E1-941B-4261-8A30-5AC2E25E9B96}.Debug|Any CPU.ActiveCfg = Debug|Any CPU
		{1D1C49E1-941B-4261-8A30-5AC2E25E9B96}.Debug|Any CPU.Build.0 = Debug|Any CPU
		{1D1C49E1-941B-4261-8A30-5AC2E25E9B96}.Release|Any CPU.ActiveCfg = Release|Any CPU
		{1D1C49E1-941B-4261-8A30-5AC2E25E9B96}.Release|Any CPU.Build.0 = Release|Any CPU
	EndGlobalSection
	GlobalSection(SolutionProperties) = preSolution
		HideSolutionNode = FALSE
	EndGlobalSection
	GlobalSection(ExtensibilityGlobals) = postSolution
		SolutionGuid = {7CB9F869-D5CE-4040-AAA8-DF8E1DAC8324}
	EndGlobalSection
EndGlobal
