
Microsoft Visual Studio Solution File, Format Version 12.00
# Visual Studio Version 16
VisualStudioVersion = 16.0.30413.136
MinimumVisualStudioVersion = 10.0.40219.1
Project("{FAE04EC0-301F-11D3-BF4B-00C04F79EFBC}") = "ConsoleApp1", "ConsoleApp1.csproj", "{F69529EA-74D7-44F7-A141-6406A44C7678}"
EndProject
Global
	GlobalSection(SolutionConfigurationPlatforms) = preSolution
		Debug|Any CPU = Debug|Any CPU
		Release|Any CPU = Release|Any CPU
	EndGlobalSection
	GlobalSection(ProjectConfigurationPlatforms) = postSolution
		{F69529EA-74D7-44F7-A141-6406A44C7678}.Debug|Any CPU.ActiveCfg = Debug|Any CPU
		{F69529EA-74D7-44F7-A141-6406A44C7678}.Debug|Any CPU.Build.0 = Debug|Any CPU
		{F69529EA-74D7-44F7-A141-6406A44C7678}.Release|Any CPU.ActiveCfg = Release|Any CPU
		{F69529EA-74D7-44F7-A141-6406A44C7678}.Release|Any CPU.Build.0 = Release|Any CPU
	EndGlobalSection
	GlobalSection(SolutionProperties) = preSolution
		HideSolutionNode = FALSE
	EndGlobalSection
	GlobalSection(ExtensibilityGlobals) = postSolution
		SolutionGuid = {8E1BD0D9-A985-4B2F-BFAF-A33CE5C9B860}
	EndGlobalSection
EndGlobal
