
Microsoft Visual Studio Solution File, Format Version 12.00
# Visual Studio Version 16
VisualStudioVersion = 16.0.31424.327
MinimumVisualStudioVersion = 10.0.40219.1
Project("{FAE04EC0-301F-11D3-BF4B-00C04F79EFBC}") = "pr_02_01_02", "pr_02_01_02.csproj", "{4D5DF263-2E70-4FF8-B5F3-EE1D21B47C74}"
EndProject
Global
	GlobalSection(SolutionConfigurationPlatforms) = preSolution
		Debug|Any CPU = Debug|Any CPU
		Release|Any CPU = Release|Any CPU
	EndGlobalSection
	GlobalSection(ProjectConfigurationPlatforms) = postSolution
		{4D5DF263-2E70-4FF8-B5F3-EE1D21B47C74}.Debug|Any CPU.ActiveCfg = Debug|Any CPU
		{4D5DF263-2E70-4FF8-B5F3-EE1D21B47C74}.Debug|Any CPU.Build.0 = Debug|Any CPU
		{4D5DF263-2E70-4FF8-B5F3-EE1D21B47C74}.Release|Any CPU.ActiveCfg = Release|Any CPU
		{4D5DF263-2E70-4FF8-B5F3-EE1D21B47C74}.Release|Any CPU.Build.0 = Release|Any CPU
	EndGlobalSection
	GlobalSection(SolutionProperties) = preSolution
		HideSolutionNode = FALSE
	EndGlobalSection
	GlobalSection(ExtensibilityGlobals) = postSolution
		SolutionGuid = {02CE5AD9-03FA-466E-9787-D771ED6868A6}
	EndGlobalSection
EndGlobal
